
Microsoft Visual Studio Solution File, Format Version 12.00
# Visual Studio Version 16
VisualStudioVersion = 16.0.810.18
MinimumVisualStudioVersion = 10.0.40219.1
Project("{FAE04EC0-301F-11D3-BF4B-00C04F79EFBC}") = "example-bi-directional-consumer-wiremock-dotnet", "example-bi-directional-consumer-wiremock-dotnet.csproj", "{378F5828-AEF2-4F1C-A179-A26066FE9EC5}"
EndProject
Global
	GlobalSection(SolutionConfigurationPlatforms) = preSolution
		Debug|Any CPU = Debug|Any CPU
		Release|Any CPU = Release|Any CPU
	EndGlobalSection
	GlobalSection(ProjectConfigurationPlatforms) = postSolution
		{378F5828-AEF2-4F1C-A179-A26066FE9EC5}.Debug|Any CPU.ActiveCfg = Debug|Any CPU
		{378F5828-AEF2-4F1C-A179-A26066FE9EC5}.Debug|Any CPU.Build.0 = Debug|Any CPU
		{378F5828-AEF2-4F1C-A179-A26066FE9EC5}.Release|Any CPU.ActiveCfg = Release|Any CPU
		{378F5828-AEF2-4F1C-A179-A26066FE9EC5}.Release|Any CPU.Build.0 = Release|Any CPU
	EndGlobalSection
	GlobalSection(SolutionProperties) = preSolution
		HideSolutionNode = FALSE
	EndGlobalSection
	GlobalSection(ExtensibilityGlobals) = postSolution
		SolutionGuid = {36AF6AE3-7367-430C-99E1-1EEB637E460F}
	EndGlobalSection
EndGlobal
